{
  "name": "websocket-server",
  "lockfileVersion": 3,
  "requires": true,
  "packages": {
    "": {
      "dependencies": {
        "g711": "^1.0.1"
      }
    },
    "node_modules/g711": {
      "version": "1.0.1",
      "resolved": "https://registry.npmjs.org/g711/-/g711-1.0.1.tgz",
      "integrity": "sha512-4GCCK6oNHdtl3teBhHDYRW0U6nBoWnyz0WOtqjgsOPvA8i+IUt1IfB689sW+NHjUQpDnVa90L13jRslxaJwR/g==",
      "license": "MIT"
    }
  }
}
